
Microsoft Visual Studio Solution File, Format Version 12.00
# Visual Studio Version 16
VisualStudioVersion = 16.0.31729.503
MinimumVisualStudioVersion = 10.0.40219.1
Project("{FAE04EC0-301F-11D3-BF4B-00C04F79EFBC}") = "E_ticaret_Projemiz", "E_ticaret_Projemiz\E_ticaret_Projemiz.csproj", "{56C17636-F144-411E-9129-330A2EAAB445}"
EndProject
Global
	GlobalSection(SolutionConfigurationPlatforms) = preSolution
		Debug|Any CPU = Debug|Any CPU
		Release|Any CPU = Release|Any CPU
	EndGlobalSection
	GlobalSection(ProjectConfigurationPlatforms) = postSolution
		{56C17636-F144-411E-9129-330A2EAAB445}.Debug|Any CPU.ActiveCfg = Debug|Any CPU
		{56C17636-F144-411E-9129-330A2EAAB445}.Debug|Any CPU.Build.0 = Debug|Any CPU
		{56C17636-F144-411E-9129-330A2EAAB445}.Release|Any CPU.ActiveCfg = Release|Any CPU
		{56C17636-F144-411E-9129-330A2EAAB445}.Release|Any CPU.Build.0 = Release|Any CPU
	EndGlobalSection
	GlobalSection(SolutionProperties) = preSolution
		HideSolutionNode = FALSE
	EndGlobalSection
	GlobalSection(ExtensibilityGlobals) = postSolution
		SolutionGuid = {0AF72089-A7F3-40D9-8722-CA58E9E45AF4}
	EndGlobalSection
EndGlobal
